
Microsoft Visual Studio Solution File, Format Version 12.00
# Visual Studio Version 16
VisualStudioVersion = 16.0.29613.14
MinimumVisualStudioVersion = 10.0.40219.1
Project("{FAE04EC0-301F-11D3-BF4B-00C04F79EFBC}") = "Wpf_Morozov_PR1", "Wpf_Morozov_PR1\Wpf_Morozov_PR1.csproj", "{694C64B4-DBBB-4AED-B3B3-D9B44E5983B9}"
EndProject
Global
	GlobalSection(SolutionConfigurationPlatforms) = preSolution
		Debug|Any CPU = Debug|Any CPU
		Release|Any CPU = Release|Any CPU
	EndGlobalSection
	GlobalSection(ProjectConfigurationPlatforms) = postSolution
		{694C64B4-DBBB-4AED-B3B3-D9B44E5983B9}.Debug|Any CPU.ActiveCfg = Debug|Any CPU
		{694C64B4-DBBB-4AED-B3B3-D9B44E5983B9}.Debug|Any CPU.Build.0 = Debug|Any CPU
		{694C64B4-DBBB-4AED-B3B3-D9B44E5983B9}.Release|Any CPU.ActiveCfg = Release|Any CPU
		{694C64B4-DBBB-4AED-B3B3-D9B44E5983B9}.Release|Any CPU.Build.0 = Release|Any CPU
	EndGlobalSection
	GlobalSection(SolutionProperties) = preSolution
		HideSolutionNode = FALSE
	EndGlobalSection
	GlobalSection(ExtensibilityGlobals) = postSolution
		SolutionGuid = {78198445-AC22-4B2A-BD01-31F20E256FC8}
	EndGlobalSection
EndGlobal
